
Microsoft Visual Studio Solution File, Format Version 11.00
# Visual C++ Express 2010
Project("{8BC9CEB8-8B4A-11D0-8D11-00A0C91BC942}") = "factory_design", "factory_design\factory_design.vcxproj", "{9FEB92F1-A422-4C8D-A80F-125F04999F8A}"
EndProject
Global
	GlobalSection(SolutionConfigurationPlatforms) = preSolution
		Debug|Win32 = Debug|Win32
		Release|Win32 = Release|Win32
	EndGlobalSection
	GlobalSection(ProjectConfigurationPlatforms) = postSolution
		{9FEB92F1-A422-4C8D-A80F-125F04999F8A}.Debug|Win32.ActiveCfg = Debug|Win32
		{9FEB92F1-A422-4C8D-A80F-125F04999F8A}.Debug|Win32.Build.0 = Debug|Win32
		{9FEB92F1-A422-4C8D-A80F-125F04999F8A}.Release|Win32.ActiveCfg = Release|Win32
		{9FEB92F1-A422-4C8D-A80F-125F04999F8A}.Release|Win32.Build.0 = Release|Win32
	EndGlobalSection
	GlobalSection(SolutionProperties) = preSolution
		HideSolutionNode = FALSE
	EndGlobalSection
EndGlobal
